
Microsoft Visual Studio Solution File, Format Version 12.00
# Visual Studio Version 17
VisualStudioVersion = 17.14.37216.2 d17.14
MinimumVisualStudioVersion = 10.0.40219.1
Project("{FAE04EC0-301F-11D3-BF4B-00C04F79EFBC}") = "interbank-app", "interbank-app\interbank-app.csproj", "{3D0EAECA-738D-484E-ABF1-AD8FDDF54D8A}"
EndProject
Project("{FAE04EC0-301F-11D3-BF4B-00C04F79EFBC}") = "interbank-data", "interbank-data\interbank-data.csproj", "{954E9666-3B7B-4806-9854-5836785FC681}"
EndProject
Project("{FAE04EC0-301F-11D3-BF4B-00C04F79EFBC}") = "interbank-domain", "interbank-domain\interbank-domain.csproj", "{92534A0B-1484-4DBB-8267-1578A7276E22}"
EndProject
Global
	GlobalSection(SolutionConfigurationPlatforms) = preSolution
		Debug|Any CPU = Debug|Any CPU
		Release|Any CPU = Release|Any CPU
	EndGlobalSection
	GlobalSection(ProjectConfigurationPlatforms) = postSolution
		{3D0EAECA-738D-484E-ABF1-AD8FDDF54D8A}.Debug|Any CPU.ActiveCfg = Debug|Any CPU
		{3D0EAECA-738D-484E-ABF1-AD8FDDF54D8A}.Debug|Any CPU.Build.0 = Debug|Any CPU
		{3D0EAECA-738D-484E-ABF1-AD8FDDF54D8A}.Release|Any CPU.ActiveCfg = Release|Any CPU
		{3D0EAECA-738D-484E-ABF1-AD8FDDF54D8A}.Release|Any CPU.Build.0 = Release|Any CPU
		{954E9666-3B7B-4806-9854-5836785FC681}.Debug|Any CPU.ActiveCfg = Debug|Any CPU
		{954E9666-3B7B-4806-9854-5836785FC681}.Debug|Any CPU.Build.0 = Debug|Any CPU
		{954E9666-3B7B-4806-9854-5836785FC681}.Release|Any CPU.ActiveCfg = Release|Any CPU
		{954E9666-3B7B-4806-9854-5836785FC681}.Release|Any CPU.Build.0 = Release|Any CPU
		{92534A0B-1484-4DBB-8267-1578A7276E22}.Debug|Any CPU.ActiveCfg = Debug|Any CPU
		{92534A0B-1484-4DBB-8267-1578A7276E22}.Debug|Any CPU.Build.0 = Debug|Any CPU
		{92534A0B-1484-4DBB-8267-1578A7276E22}.Release|Any CPU.ActiveCfg = Release|Any CPU
		{92534A0B-1484-4DBB-8267-1578A7276E22}.Release|Any CPU.Build.0 = Release|Any CPU
	EndGlobalSection
	GlobalSection(SolutionProperties) = preSolution
		HideSolutionNode = FALSE
	EndGlobalSection
	GlobalSection(ExtensibilityGlobals) = postSolution
		SolutionGuid = {AF9AD5CC-3708-4665-8512-9A121B67D09A}
	EndGlobalSection
EndGlobal
